
Microsoft Visual Studio Solution File, Format Version 12.00
# Visual Studio Version 17
VisualStudioVersion = 17.8.34316.72
MinimumVisualStudioVersion = 10.0.40219.1
Project("{2150E333-8FDC-42A3-9474-1A3956D46DE8}") = "Services", "Services", "{2AD7D6FE-D081-4CB8-807A-D60F17719ED7}"
EndProject
Project("{2150E333-8FDC-42A3-9474-1A3956D46DE8}") = "Catalog", "Catalog", "{F54EF73C-6168-4757-91B3-3C0FEFC655E9}"
EndProject
Project("{9A19103F-16F7-4668-BE54-9A1E7A4F7556}") = "MultiShop.Catalog", "Services\Catalog\MultiShop.Catalog\MultiShop.Catalog.csproj", "{95859BEC-B15A-4B34-A13F-71F33F95B6EB}"
EndProject
Project("{2150E333-8FDC-42A3-9474-1A3956D46DE8}") = "Discount", "Discount", "{76D078C0-4113-4D86-B7E7-03B8A2E77CDF}"
EndProject
Project("{9A19103F-16F7-4668-BE54-9A1E7A4F7556}") = "MultiShop.Discount", "Services\Discount\MultiShop.Discount\MultiShop.Discount.csproj", "{4876C9D7-384C-4B8D-870C-F6428F6F5558}"
EndProject
Project("{2150E333-8FDC-42A3-9474-1A3956D46DE8}") = "Order", "Order", "{16A0699D-F25C-4835-A0D0-6FD32CB3B529}"
EndProject
Project("{2150E333-8FDC-42A3-9474-1A3956D46DE8}") = "Core", "Core", "{172E3352-C775-4B18-B4B7-DEE531144CA4}"
EndProject
Project("{2150E333-8FDC-42A3-9474-1A3956D46DE8}") = "Infrastructure", "Infrastructure", "{6487EDE2-27C1-405A-8BE8-DCD96E832CFD}"
EndProject
Project("{2150E333-8FDC-42A3-9474-1A3956D46DE8}") = "Presentation", "Presentation", "{C8C7EE10-1037-4E5B-9D69-AB0896122CE7}"
EndProject
Project("{9A19103F-16F7-4668-BE54-9A1E7A4F7556}") = "MultiShop.Order.Domain", "Services\Order\Core\MultiShop.Order.Domain\MultiShop.Order.Domain.csproj", "{6B045D74-64F3-4CA9-9CA5-363DFFDC4FDD}"
EndProject
Project("{9A19103F-16F7-4668-BE54-9A1E7A4F7556}") = "MultiShop.Order.Application", "Services\Order\Core\MultiShop.Order.Application\MultiShop.Order.Application.csproj", "{72695EC8-5B2E-490B-B3EB-43C52765F507}"
EndProject
Project("{9A19103F-16F7-4668-BE54-9A1E7A4F7556}") = "MultiShop.Order.Persistence", "Services\Order\Infrastructure\MultiShop.Order.Persistence\MultiShop.Order.Persistence.csproj", "{C25F46BB-DDED-476C-B1AC-795BFE6B4869}"
EndProject
Project("{9A19103F-16F7-4668-BE54-9A1E7A4F7556}") = "MultiShop.Order.WebApi", "Services\Order\Presentation\MultiShop.Order.WebApi\MultiShop.Order.WebApi.csproj", "{B313BC19-5854-471F-B441-CFD76ABE8B10}"
EndProject
Project("{2150E333-8FDC-42A3-9474-1A3956D46DE8}") = "IdentityServer", "IdentityServer", "{51EC7611-85B2-4173-BEA7-8A76259F9B08}"
EndProject
Project("{9A19103F-16F7-4668-BE54-9A1E7A4F7556}") = "MultiShop.IdentityServer", "IdentityServer\MultiShop.IdentityServer\MultiShop.IdentityServer.csproj", "{3712C3E5-751E-4D2E-AF90-A6A67B72503A}"
EndProject
Project("{2150E333-8FDC-42A3-9474-1A3956D46DE8}") = "Requirements", "Requirements", "{E26FCB57-8A37-4191-8DE4-76F218EF6BD1}"
	ProjectSection(SolutionItems) = preProject
		Requirements\IdentityServerVersionErrorSolution.txt = Requirements\IdentityServerVersionErrorSolution.txt
		..\..\..\Users\Fatih\Downloads\MultiShop-master\MultiShop-master\OcelotLink.txt = ..\..\..\Users\Fatih\Downloads\MultiShop-master\MultiShop-master\OcelotLink.txt
		Requirements\PortainerCmd.txt = Requirements\PortainerCmd.txt
		PortNumbers.txt = PortNumbers.txt
	EndProjectSection
EndProject
Project("{2150E333-8FDC-42A3-9474-1A3956D46DE8}") = "Cargo", "Cargo", "{A5C53D4B-75B4-44D5-A13E-BE7D1CE3DB44}"
EndProject
Project("{9A19103F-16F7-4668-BE54-9A1E7A4F7556}") = "MultShop.Cargo.BusinessLayer", "Services\Cargo\MultShop.Cargo.BusinessLayer\MultShop.Cargo.BusinessLayer.csproj", "{DCD839EF-194D-4F58-93A1-9E817F0809C5}"
EndProject
Project("{9A19103F-16F7-4668-BE54-9A1E7A4F7556}") = "MultShop.Cargo.EntityLayer", "Services\Cargo\MultShop.Cargo.EntityLayer\MultShop.Cargo.EntityLayer.csproj", "{3AEBE790-C864-4526-8CF4-06CD4635B05A}"
EndProject
Project("{9A19103F-16F7-4668-BE54-9A1E7A4F7556}") = "MultShop.Cargo.DataAccessLayer", "MultShop.Cargo.DataAccessLayer\MultShop.Cargo.DataAccessLayer.csproj", "{DBFDFE2C-7EE0-46F1-B96B-E742182814B5}"
EndProject
Project("{9A19103F-16F7-4668-BE54-9A1E7A4F7556}") = "MultShop.Cargo.DtoLayer", "Services\Cargo\MultShop.Cargo.DtoLayer\MultShop.Cargo.DtoLayer.csproj", "{4D384919-0015-4A64-85C7-DC66CF42BE67}"
EndProject
Project("{9A19103F-16F7-4668-BE54-9A1E7A4F7556}") = "MultShop.Cargo.WebApi", "Services\Cargo\MultShop.Cargo.WebApi\MultShop.Cargo.WebApi.csproj", "{DF8DF9CB-03F9-490C-BE31-D18BAC56D0CA}"
EndProject
Project("{2150E333-8FDC-42A3-9474-1A3956D46DE8}") = "Basket", "Basket", "{6FC55D13-6483-4F9C-8F9E-5F4119FFEE3E}"
EndProject
Project("{9A19103F-16F7-4668-BE54-9A1E7A4F7556}") = "MultiShop.Basket", "Service\Basket\MultiShop.Basket\MultiShop.Basket.csproj", "{2FA65D9A-3486-4C3C-B717-56A14322D9CD}"
EndProject
Project("{2150E333-8FDC-42A3-9474-1A3956D46DE8}") = "Frontends", "Frontends", "{C9027743-5012-43D4-ACA5-8A3A26B0A42E}"
EndProject
Project("{9A19103F-16F7-4668-BE54-9A1E7A4F7556}") = "MultiShop.WebUI", "Frontends\MultiShop.WebUO\MultiShop.WebUI.csproj", "{8297069B-D77F-4196-8CB9-45E7A59248C4}"
EndProject
Project("{9A19103F-16F7-4668-BE54-9A1E7A4F7556}") = "MultiShop.DtoLayer", "Frontends\MultiShop.DtoLayer\MultiShop.DtoLayer.csproj", "{5236FFF5-230B-42B6-BC76-5157813CB4D7}"
EndProject
Project("{2150E333-8FDC-42A3-9474-1A3956D46DE8}") = "Comment", "Comment", "{459EB033-5753-4FED-95FC-8305EEC6F392}"
EndProject
Project("{FAE04EC0-301F-11D3-BF4B-00C04F79EFBC}") = "MultiShop.Comment", "Comment\MultiShop.Comment\MultiShop.Comment.csproj", "{30B10596-7C3D-4EDC-945A-E768BBA1D336}"
EndProject
Project("{2150E333-8FDC-42A3-9474-1A3956D46DE8}") = "ApiGateway", "ApiGateway", "{3FF1A795-F34D-423C-AF3B-A6FBCFF1600B}"
EndProject
Project("{2150E333-8FDC-42A3-9474-1A3956D46DE8}") = "RapidApi", "RapidApi", "{C964FCD0-E39A-4157-BA21-ECEC549008E7}"
EndProject
Project("{FAE04EC0-301F-11D3-BF4B-00C04F79EFBC}") = "MultiShop.OcelotApiGateway", "ApiGateway\MultiShop.OcelotApiGateway\MultiShop.OcelotApiGateway.csproj", "{230BC092-BAB7-42B1-97E3-37A3396F1221}"
EndProject
Project("{2150E333-8FDC-42A3-9474-1A3956D46DE8}") = "Payment", "Payment", "{EF39F2F1-3E82-4E9A-B38D-C872E85666D5}"
EndProject
Project("{FAE04EC0-301F-11D3-BF4B-00C04F79EFBC}") = "MultiShop.Payment", "Services\Payment\MultiShop.Payment\MultiShop.Payment.csproj", "{2D75E369-EE6F-4B74-82F9-73EAE05CFC28}"
EndProject
Project("{2150E333-8FDC-42A3-9474-1A3956D46DE8}") = "Images", "Images", "{E1E460D9-3AC1-451A-9845-F914C6C7825C}"
EndProject
Project("{FAE04EC0-301F-11D3-BF4B-00C04F79EFBC}") = "MultiShop.Images", "Services\Images\MultiShop.Images\MultiShop.Images.csproj", "{7FDD6A98-B341-47C8-BEF9-08A8D1CDC1A6}"
EndProject
Global
	GlobalSection(SolutionConfigurationPlatforms) = preSolution
		Debug|Any CPU = Debug|Any CPU
		Release|Any CPU = Release|Any CPU
	EndGlobalSection
	GlobalSection(ProjectConfigurationPlatforms) = postSolution
		{95859BEC-B15A-4B34-A13F-71F33F95B6EB}.Debug|Any CPU.ActiveCfg = Debug|Any CPU
		{95859BEC-B15A-4B34-A13F-71F33F95B6EB}.Debug|Any CPU.Build.0 = Debug|Any CPU
		{95859BEC-B15A-4B34-A13F-71F33F95B6EB}.Release|Any CPU.ActiveCfg = Release|Any CPU
		{95859BEC-B15A-4B34-A13F-71F33F95B6EB}.Release|Any CPU.Build.0 = Release|Any CPU
		{4876C9D7-384C-4B8D-870C-F6428F6F5558}.Debug|Any CPU.ActiveCfg = Debug|Any CPU
		{4876C9D7-384C-4B8D-870C-F6428F6F5558}.Debug|Any CPU.Build.0 = Debug|Any CPU
		{4876C9D7-384C-4B8D-870C-F6428F6F5558}.Release|Any CPU.ActiveCfg = Release|Any CPU
		{4876C9D7-384C-4B8D-870C-F6428F6F5558}.Release|Any CPU.Build.0 = Release|Any CPU
		{6B045D74-64F3-4CA9-9CA5-363DFFDC4FDD}.Debug|Any CPU.ActiveCfg = Debug|Any CPU
		{6B045D74-64F3-4CA9-9CA5-363DFFDC4FDD}.Debug|Any CPU.Build.0 = Debug|Any CPU
		{6B045D74-64F3-4CA9-9CA5-363DFFDC4FDD}.Release|Any CPU.ActiveCfg = Release|Any CPU
		{6B045D74-64F3-4CA9-9CA5-363DFFDC4FDD}.Release|Any CPU.Build.0 = Release|Any CPU
		{72695EC8-5B2E-490B-B3EB-43C52765F507}.Debug|Any CPU.ActiveCfg = Debug|Any CPU
		{72695EC8-5B2E-490B-B3EB-43C52765F507}.Debug|Any CPU.Build.0 = Debug|Any CPU
		{72695EC8-5B2E-490B-B3EB-43C52765F507}.Release|Any CPU.ActiveCfg = Release|Any CPU
		{72695EC8-5B2E-490B-B3EB-43C52765F507}.Release|Any CPU.Build.0 = Release|Any CPU
		{C25F46BB-DDED-476C-B1AC-795BFE6B4869}.Debug|Any CPU.ActiveCfg = Debug|Any CPU
		{C25F46BB-DDED-476C-B1AC-795BFE6B4869}.Debug|Any CPU.Build.0 = Debug|Any CPU
		{C25F46BB-DDED-476C-B1AC-795BFE6B4869}.Release|Any CPU.ActiveCfg = Release|Any CPU
		{C25F46BB-DDED-476C-B1AC-795BFE6B4869}.Release|Any CPU.Build.0 = Release|Any CPU
		{B313BC19-5854-471F-B441-CFD76ABE8B10}.Debug|Any CPU.ActiveCfg = Debug|Any CPU
		{B313BC19-5854-471F-B441-CFD76ABE8B10}.Debug|Any CPU.Build.0 = Debug|Any CPU
		{B313BC19-5854-471F-B441-CFD76ABE8B10}.Release|Any CPU.ActiveCfg = Release|Any CPU
		{B313BC19-5854-471F-B441-CFD76ABE8B10}.Release|Any CPU.Build.0 = Release|Any CPU
		{3712C3E5-751E-4D2E-AF90-A6A67B72503A}.Debug|Any CPU.ActiveCfg = Debug|Any CPU
		{3712C3E5-751E-4D2E-AF90-A6A67B72503A}.Debug|Any CPU.Build.0 = Debug|Any CPU
		{3712C3E5-751E-4D2E-AF90-A6A67B72503A}.Release|Any CPU.ActiveCfg = Release|Any CPU
		{3712C3E5-751E-4D2E-AF90-A6A67B72503A}.Release|Any CPU.Build.0 = Release|Any CPU
		{DCD839EF-194D-4F58-93A1-9E817F0809C5}.Debug|Any CPU.ActiveCfg = Debug|Any CPU
		{DCD839EF-194D-4F58-93A1-9E817F0809C5}.Debug|Any CPU.Build.0 = Debug|Any CPU
		{DCD839EF-194D-4F58-93A1-9E817F0809C5}.Release|Any CPU.ActiveCfg = Release|Any CPU
		{DCD839EF-194D-4F58-93A1-9E817F0809C5}.Release|Any CPU.Build.0 = Release|Any CPU
		{3AEBE790-C864-4526-8CF4-06CD4635B05A}.Debug|Any CPU.ActiveCfg = Debug|Any CPU
		{3AEBE790-C864-4526-8CF4-06CD4635B05A}.Debug|Any CPU.Build.0 = Debug|Any CPU
		{3AEBE790-C864-4526-8CF4-06CD4635B05A}.Release|Any CPU.ActiveCfg = Release|Any CPU
		{3AEBE790-C864-4526-8CF4-06CD4635B05A}.Release|Any CPU.Build.0 = Release|Any CPU
		{DBFDFE2C-7EE0-46F1-B96B-E742182814B5}.Debug|Any CPU.ActiveCfg = Debug|Any CPU
		{DBFDFE2C-7EE0-46F1-B96B-E742182814B5}.Debug|Any CPU.Build.0 = Debug|Any CPU
		{DBFDFE2C-7EE0-46F1-B96B-E742182814B5}.Release|Any CPU.ActiveCfg = Release|Any CPU
		{DBFDFE2C-7EE0-46F1-B96B-E742182814B5}.Release|Any CPU.Build.0 = Release|Any CPU
		{4D384919-0015-4A64-85C7-DC66CF42BE67}.Debug|Any CPU.ActiveCfg = Debug|Any CPU
		{4D384919-0015-4A64-85C7-DC66CF42BE67}.Debug|Any CPU.Build.0 = Debug|Any CPU
		{4D384919-0015-4A64-85C7-DC66CF42BE67}.Release|Any CPU.ActiveCfg = Release|Any CPU
		{4D384919-0015-4A64-85C7-DC66CF42BE67}.Release|Any CPU.Build.0 = Release|Any CPU
		{DF8DF9CB-03F9-490C-BE31-D18BAC56D0CA}.Debug|Any CPU.ActiveCfg = Debug|Any CPU
		{DF8DF9CB-03F9-490C-BE31-D18BAC56D0CA}.Debug|Any CPU.Build.0 = Debug|Any CPU
		{DF8DF9CB-03F9-490C-BE31-D18BAC56D0CA}.Release|Any CPU.ActiveCfg = Release|Any CPU
		{DF8DF9CB-03F9-490C-BE31-D18BAC56D0CA}.Release|Any CPU.Build.0 = Release|Any CPU
		{2FA65D9A-3486-4C3C-B717-56A14322D9CD}.Debug|Any CPU.ActiveCfg = Debug|Any CPU
		{2FA65D9A-3486-4C3C-B717-56A14322D9CD}.Debug|Any CPU.Build.0 = Debug|Any CPU
		{2FA65D9A-3486-4C3C-B717-56A14322D9CD}.Release|Any CPU.ActiveCfg = Release|Any CPU
		{2FA65D9A-3486-4C3C-B717-56A14322D9CD}.Release|Any CPU.Build.0 = Release|Any CPU
		{8297069B-D77F-4196-8CB9-45E7A59248C4}.Debug|Any CPU.ActiveCfg = Debug|Any CPU
		{8297069B-D77F-4196-8CB9-45E7A59248C4}.Debug|Any CPU.Build.0 = Debug|Any CPU
		{8297069B-D77F-4196-8CB9-45E7A59248C4}.Release|Any CPU.ActiveCfg = Release|Any CPU
		{8297069B-D77F-4196-8CB9-45E7A59248C4}.Release|Any CPU.Build.0 = Release|Any CPU
		{5236FFF5-230B-42B6-BC76-5157813CB4D7}.Debug|Any CPU.ActiveCfg = Debug|Any CPU
		{5236FFF5-230B-42B6-BC76-5157813CB4D7}.Debug|Any CPU.Build.0 = Debug|Any CPU
		{5236FFF5-230B-42B6-BC76-5157813CB4D7}.Release|Any CPU.ActiveCfg = Release|Any CPU
		{5236FFF5-230B-42B6-BC76-5157813CB4D7}.Release|Any CPU.Build.0 = Release|Any CPU
		{30B10596-7C3D-4EDC-945A-E768BBA1D336}.Debug|Any CPU.ActiveCfg = Debug|Any CPU
		{30B10596-7C3D-4EDC-945A-E768BBA1D336}.Debug|Any CPU.Build.0 = Debug|Any CPU
		{30B10596-7C3D-4EDC-945A-E768BBA1D336}.Release|Any CPU.ActiveCfg = Release|Any CPU
		{30B10596-7C3D-4EDC-945A-E768BBA1D336}.Release|Any CPU.Build.0 = Release|Any CPU
		{230BC092-BAB7-42B1-97E3-37A3396F1221}.Debug|Any CPU.ActiveCfg = Debug|Any CPU
		{230BC092-BAB7-42B1-97E3-37A3396F1221}.Debug|Any CPU.Build.0 = Debug|Any CPU
		{230BC092-BAB7-42B1-97E3-37A3396F1221}.Release|Any CPU.ActiveCfg = Release|Any CPU
		{230BC092-BAB7-42B1-97E3-37A3396F1221}.Release|Any CPU.Build.0 = Release|Any CPU
		{2D75E369-EE6F-4B74-82F9-73EAE05CFC28}.Debug|Any CPU.ActiveCfg = Debug|Any CPU
		{2D75E369-EE6F-4B74-82F9-73EAE05CFC28}.Debug|Any CPU.Build.0 = Debug|Any CPU
		{2D75E369-EE6F-4B74-82F9-73EAE05CFC28}.Release|Any CPU.ActiveCfg = Release|Any CPU
		{2D75E369-EE6F-4B74-82F9-73EAE05CFC28}.Release|Any CPU.Build.0 = Release|Any CPU
		{7FDD6A98-B341-47C8-BEF9-08A8D1CDC1A6}.Debug|Any CPU.ActiveCfg = Debug|Any CPU
		{7FDD6A98-B341-47C8-BEF9-08A8D1CDC1A6}.Debug|Any CPU.Build.0 = Debug|Any CPU
		{7FDD6A98-B341-47C8-BEF9-08A8D1CDC1A6}.Release|Any CPU.ActiveCfg = Release|Any CPU
		{7FDD6A98-B341-47C8-BEF9-08A8D1CDC1A6}.Release|Any CPU.Build.0 = Release|Any CPU
	EndGlobalSection
	GlobalSection(SolutionProperties) = preSolution
		HideSolutionNode = FALSE
	EndGlobalSection
	GlobalSection(NestedProjects) = preSolution
		{F54EF73C-6168-4757-91B3-3C0FEFC655E9} = {2AD7D6FE-D081-4CB8-807A-D60F17719ED7}
		{95859BEC-B15A-4B34-A13F-71F33F95B6EB} = {F54EF73C-6168-4757-91B3-3C0FEFC655E9}
		{76D078C0-4113-4D86-B7E7-03B8A2E77CDF} = {2AD7D6FE-D081-4CB8-807A-D60F17719ED7}
		{4876C9D7-384C-4B8D-870C-F6428F6F5558} = {76D078C0-4113-4D86-B7E7-03B8A2E77CDF}
		{16A0699D-F25C-4835-A0D0-6FD32CB3B529} = {2AD7D6FE-D081-4CB8-807A-D60F17719ED7}
		{172E3352-C775-4B18-B4B7-DEE531144CA4} = {16A0699D-F25C-4835-A0D0-6FD32CB3B529}
		{6487EDE2-27C1-405A-8BE8-DCD96E832CFD} = {16A0699D-F25C-4835-A0D0-6FD32CB3B529}
		{C8C7EE10-1037-4E5B-9D69-AB0896122CE7} = {16A0699D-F25C-4835-A0D0-6FD32CB3B529}
		{6B045D74-64F3-4CA9-9CA5-363DFFDC4FDD} = {172E3352-C775-4B18-B4B7-DEE531144CA4}
		{72695EC8-5B2E-490B-B3EB-43C52765F507} = {172E3352-C775-4B18-B4B7-DEE531144CA4}
		{C25F46BB-DDED-476C-B1AC-795BFE6B4869} = {6487EDE2-27C1-405A-8BE8-DCD96E832CFD}
		{B313BC19-5854-471F-B441-CFD76ABE8B10} = {C8C7EE10-1037-4E5B-9D69-AB0896122CE7}
		{3712C3E5-751E-4D2E-AF90-A6A67B72503A} = {51EC7611-85B2-4173-BEA7-8A76259F9B08}
		{A5C53D4B-75B4-44D5-A13E-BE7D1CE3DB44} = {2AD7D6FE-D081-4CB8-807A-D60F17719ED7}
		{DCD839EF-194D-4F58-93A1-9E817F0809C5} = {A5C53D4B-75B4-44D5-A13E-BE7D1CE3DB44}
		{3AEBE790-C864-4526-8CF4-06CD4635B05A} = {A5C53D4B-75B4-44D5-A13E-BE7D1CE3DB44}
		{DBFDFE2C-7EE0-46F1-B96B-E742182814B5} = {A5C53D4B-75B4-44D5-A13E-BE7D1CE3DB44}
		{4D384919-0015-4A64-85C7-DC66CF42BE67} = {A5C53D4B-75B4-44D5-A13E-BE7D1CE3DB44}
		{DF8DF9CB-03F9-490C-BE31-D18BAC56D0CA} = {A5C53D4B-75B4-44D5-A13E-BE7D1CE3DB44}
		{6FC55D13-6483-4F9C-8F9E-5F4119FFEE3E} = {2AD7D6FE-D081-4CB8-807A-D60F17719ED7}
		{2FA65D9A-3486-4C3C-B717-56A14322D9CD} = {6FC55D13-6483-4F9C-8F9E-5F4119FFEE3E}
		{8297069B-D77F-4196-8CB9-45E7A59248C4} = {C9027743-5012-43D4-ACA5-8A3A26B0A42E}
		{5236FFF5-230B-42B6-BC76-5157813CB4D7} = {C9027743-5012-43D4-ACA5-8A3A26B0A42E}
		{459EB033-5753-4FED-95FC-8305EEC6F392} = {2AD7D6FE-D081-4CB8-807A-D60F17719ED7}
		{30B10596-7C3D-4EDC-945A-E768BBA1D336} = {459EB033-5753-4FED-95FC-8305EEC6F392}
		{230BC092-BAB7-42B1-97E3-37A3396F1221} = {3FF1A795-F34D-423C-AF3B-A6FBCFF1600B}
		{EF39F2F1-3E82-4E9A-B38D-C872E85666D5} = {2AD7D6FE-D081-4CB8-807A-D60F17719ED7}
		{2D75E369-EE6F-4B74-82F9-73EAE05CFC28} = {EF39F2F1-3E82-4E9A-B38D-C872E85666D5}
		{E1E460D9-3AC1-451A-9845-F914C6C7825C} = {2AD7D6FE-D081-4CB8-807A-D60F17719ED7}
		{7FDD6A98-B341-47C8-BEF9-08A8D1CDC1A6} = {E1E460D9-3AC1-451A-9845-F914C6C7825C}
	EndGlobalSection
	GlobalSection(ExtensibilityGlobals) = postSolution
		SolutionGuid = {0984C07B-DDD7-483B-B031-8B9A0649E61F}
	EndGlobalSection
EndGlobal
